
Microsoft Visual Studio Solution File, Format Version 12.00
# Visual Studio Version 17
VisualStudioVersion = 17.0.31903.59
MinimumVisualStudioVersion = 10.0.40219.1
Project("{2150E333-8FDC-42A3-9474-1A3956D46DE8}") = "src", "src", "{827E0CD3-B72D-47B6-A68D-7590B98EB39B}"
EndProject
Project("{FAE04EC0-301F-11D3-BF4B-00C04F79EFBC}") = "MindrayListenerService", "src\MindrayListenerService\MindrayListenerService.csproj", "{D78DDF34-87F0-4D6E-9F73-F30775D7C4E4}"
EndProject
Project("{2150E333-8FDC-42A3-9474-1A3956D46DE8}") = "tests", "tests", "{0AB3BF05-4346-4AA6-1389-037BE0695223}"
EndProject
Project("{FAE04EC0-301F-11D3-BF4B-00C04F79EFBC}") = "MindrayMiddleware.Tests", "tests\MindrayMiddleware.Tests\MindrayMiddleware.Tests.csproj", "{A4B897B7-9D08-40DC-8F8E-EAE126334645}"
EndProject
Project("{2150E333-8FDC-42A3-9474-1A3956D46DE8}") = "tools", "tools", "{07C2787E-EAC7-C090-1BA3-A61EC2A24D84}"
EndProject
Project("{FAE04EC0-301F-11D3-BF4B-00C04F79EFBC}") = "MindrayDeviceSimulator", "tools\MindrayDeviceSimulator\MindrayDeviceSimulator.csproj", "{83E322C2-15E2-4943-911E-AC10DD0F6E74}"
EndProject
Global
	GlobalSection(SolutionConfigurationPlatforms) = preSolution
		Debug|Any CPU = Debug|Any CPU
		Debug|x64 = Debug|x64
		Debug|x86 = Debug|x86
		Release|Any CPU = Release|Any CPU
		Release|x64 = Release|x64
		Release|x86 = Release|x86
	EndGlobalSection
	GlobalSection(ProjectConfigurationPlatforms) = postSolution
		{D78DDF34-87F0-4D6E-9F73-F30775D7C4E4}.Debug|Any CPU.ActiveCfg = Debug|Any CPU
		{D78DDF34-87F0-4D6E-9F73-F30775D7C4E4}.Debug|Any CPU.Build.0 = Debug|Any CPU
		{D78DDF34-87F0-4D6E-9F73-F30775D7C4E4}.Debug|x64.ActiveCfg = Debug|Any CPU
		{D78DDF34-87F0-4D6E-9F73-F30775D7C4E4}.Debug|x64.Build.0 = Debug|Any CPU
		{D78DDF34-87F0-4D6E-9F73-F30775D7C4E4}.Debug|x86.ActiveCfg = Debug|Any CPU
		{D78DDF34-87F0-4D6E-9F73-F30775D7C4E4}.Debug|x86.Build.0 = Debug|Any CPU
		{D78DDF34-87F0-4D6E-9F73-F30775D7C4E4}.Release|Any CPU.ActiveCfg = Release|Any CPU
		{D78DDF34-87F0-4D6E-9F73-F30775D7C4E4}.Release|Any CPU.Build.0 = Release|Any CPU
		{D78DDF34-87F0-4D6E-9F73-F30775D7C4E4}.Release|x64.ActiveCfg = Release|Any CPU
		{D78DDF34-87F0-4D6E-9F73-F30775D7C4E4}.Release|x64.Build.0 = Release|Any CPU
		{D78DDF34-87F0-4D6E-9F73-F30775D7C4E4}.Release|x86.ActiveCfg = Release|Any CPU
		{D78DDF34-87F0-4D6E-9F73-F30775D7C4E4}.Release|x86.Build.0 = Release|Any CPU
		{A4B897B7-9D08-40DC-8F8E-EAE126334645}.Debug|Any CPU.ActiveCfg = Debug|Any CPU
		{A4B897B7-9D08-40DC-8F8E-EAE126334645}.Debug|Any CPU.Build.0 = Debug|Any CPU
		{A4B897B7-9D08-40DC-8F8E-EAE126334645}.Debug|x64.ActiveCfg = Debug|Any CPU
		{A4B897B7-9D08-40DC-8F8E-EAE126334645}.Debug|x64.Build.0 = Debug|Any CPU
		{A4B897B7-9D08-40DC-8F8E-EAE126334645}.Debug|x86.ActiveCfg = Debug|Any CPU
		{A4B897B7-9D08-40DC-8F8E-EAE126334645}.Debug|x86.Build.0 = Debug|Any CPU
		{A4B897B7-9D08-40DC-8F8E-EAE126334645}.Release|Any CPU.ActiveCfg = Release|Any CPU
		{A4B897B7-9D08-40DC-8F8E-EAE126334645}.Release|Any CPU.Build.0 = Release|Any CPU
		{A4B897B7-9D08-40DC-8F8E-EAE126334645}.Release|x64.ActiveCfg = Release|Any CPU
		{A4B897B7-9D08-40DC-8F8E-EAE126334645}.Release|x64.Build.0 = Release|Any CPU
		{A4B897B7-9D08-40DC-8F8E-EAE126334645}.Release|x86.ActiveCfg = Release|Any CPU
		{A4B897B7-9D08-40DC-8F8E-EAE126334645}.Release|x86.Build.0 = Release|Any CPU
		{83E322C2-15E2-4943-911E-AC10DD0F6E74}.Debug|Any CPU.ActiveCfg = Debug|Any CPU
		{83E322C2-15E2-4943-911E-AC10DD0F6E74}.Debug|Any CPU.Build.0 = Debug|Any CPU
		{83E322C2-15E2-4943-911E-AC10DD0F6E74}.Debug|x64.ActiveCfg = Debug|Any CPU
		{83E322C2-15E2-4943-911E-AC10DD0F6E74}.Debug|x64.Build.0 = Debug|Any CPU
		{83E322C2-15E2-4943-911E-AC10DD0F6E74}.Debug|x86.ActiveCfg = Debug|Any CPU
		{83E322C2-15E2-4943-911E-AC10DD0F6E74}.Debug|x86.Build.0 = Debug|Any CPU
		{83E322C2-15E2-4943-911E-AC10DD0F6E74}.Release|Any CPU.ActiveCfg = Release|Any CPU
		{83E322C2-15E2-4943-911E-AC10DD0F6E74}.Release|Any CPU.Build.0 = Release|Any CPU
		{83E322C2-15E2-4943-911E-AC10DD0F6E74}.Release|x64.ActiveCfg = Release|Any CPU
		{83E322C2-15E2-4943-911E-AC10DD0F6E74}.Release|x64.Build.0 = Release|Any CPU
		{83E322C2-15E2-4943-911E-AC10DD0F6E74}.Release|x86.ActiveCfg = Release|Any CPU
		{83E322C2-15E2-4943-911E-AC10DD0F6E74}.Release|x86.Build.0 = Release|Any CPU
	EndGlobalSection
	GlobalSection(SolutionProperties) = preSolution
		HideSolutionNode = FALSE
	EndGlobalSection
	GlobalSection(NestedProjects) = preSolution
		{D78DDF34-87F0-4D6E-9F73-F30775D7C4E4} = {827E0CD3-B72D-47B6-A68D-7590B98EB39B}
		{A4B897B7-9D08-40DC-8F8E-EAE126334645} = {0AB3BF05-4346-4AA6-1389-037BE0695223}
		{83E322C2-15E2-4943-911E-AC10DD0F6E74} = {07C2787E-EAC7-C090-1BA3-A61EC2A24D84}
	EndGlobalSection
EndGlobal
